// !$*UTF8*$!
{
	archiveVersion = 1;
	classes = {
	};
	objectVersion = 48;
	objects = {

/* Begin PBXBuildFile section */
		0707C49F1FD9104A0092EACC /* AppDelegate.m in Sources */ = {isa = PBXBuildFile; fileRef = 0707C49E1FD9104A0092EACC /* AppDelegate.m */; };
		0707C4A21FD9104A0092EACC /* ViewController.m in Sources */ = {isa = PBXBuildFile; fileRef = 0707C4A11FD9104A0092EACC /* ViewController.m */; };
		0707C4A51FD9104A0092EACC /* Main.storyboard in Resources */ = {isa = PBXBuildFile; fileRef = 0707C4A31FD9104A0092EACC /* Main.storyboard */; };
		0707C4A71FD9104A0092EACC /* Assets.xcassets in Resources */ = {isa = PBXBuildFile; fileRef = 0707C4A61FD9104A0092EACC /* Assets.xcassets */; };
		0707C4AA1FD9104A0092EACC /* LaunchScreen.storyboard in Resources */ = {isa = PBXBuildFile; fileRef = 0707C4A81FD9104A0092EACC /* LaunchScreen.storyboard */; };
		0707C4AD1FD9104B0092EACC /* main.m in Sources */ = {isa = PBXBuildFile; fileRef = 0707C4AC1FD9104B0092EACC /* main.m */; };
		0707C4B71FD9104B0092EACC /* AnimationsDemoTests.m in Sources */ = {isa = PBXBuildFile; fileRef = 0707C4B61FD9104B0092EACC /* AnimationsDemoTests.m */; };
		0707C4C21FD9104B0092EACC /* AnimationsDemoUITests.m in Sources */ = {isa = PBXBuildFile; fileRef = 0707C4C11FD9104B0092EACC /* AnimationsDemoUITests.m */; };
		0707C4D21FD910620092EACC /* FullScreenWordRunAnimationView.m in Sources */ = {isa = PBXBuildFile; fileRef = 0707C4D11FD910620092EACC /* FullScreenWordRunAnimationView.m */; };
		0707C4D51FD910920092EACC /* AnimationModel.m in Sources */ = {isa = PBXBuildFile; fileRef = 0707C4D41FD910920092EACC /* AnimationModel.m */; };
		071AB86F1FDA3069002B7F19 /* GiftAnimationView.m in Sources */ = {isa = PBXBuildFile; fileRef = 071AB86E1FDA3069002B7F19 /* GiftAnimationView.m */; };
		071AB88D1FDA36C6002B7F19 /* LICENSE in Resources */ = {isa = PBXBuildFile; fileRef = 071AB8711FDA36C6002B7F19 /* LICENSE */; };
		071AB88E1FDA36C6002B7F19 /* MASCompositeConstraint.m in Sources */ = {isa = PBXBuildFile; fileRef = 071AB8741FDA36C6002B7F19 /* MASCompositeConstraint.m */; };
		071AB88F1FDA36C6002B7F19 /* MASConstraint.m in Sources */ = {isa = PBXBuildFile; fileRef = 071AB8771FDA36C6002B7F19 /* MASConstraint.m */; };
		071AB8901FDA36C6002B7F19 /* MASConstraintMaker.m in Sources */ = {isa = PBXBuildFile; fileRef = 071AB8791FDA36C6002B7F19 /* MASConstraintMaker.m */; };
		071AB8911FDA36C6002B7F19 /* MASLayoutConstraint.m in Sources */ = {isa = PBXBuildFile; fileRef = 071AB87B1FDA36C6002B7F19 /* MASLayoutConstraint.m */; };
		071AB8921FDA36C6002B7F19 /* MASViewAttribute.m in Sources */ = {isa = PBXBuildFile; fileRef = 071AB87F1FDA36C6002B7F19 /* MASViewAttribute.m */; };
		071AB8931FDA36C6002B7F19 /* MASViewConstraint.m in Sources */ = {isa = PBXBuildFile; fileRef = 071AB8811FDA36C6002B7F19 /* MASViewConstraint.m */; };
		071AB8941FDA36C6002B7F19 /* NSArray+MASAdditions.m in Sources */ = {isa = PBXBuildFile; fileRef = 071AB8831FDA36C6002B7F19 /* NSArray+MASAdditions.m */; };
		071AB8951FDA36C6002B7F19 /* NSLayoutConstraint+MASDebugAdditions.m in Sources */ = {isa = PBXBuildFile; fileRef = 071AB8861FDA36C6002B7F19 /* NSLayoutConstraint+MASDebugAdditions.m */; };
		071AB8961FDA36C6002B7F19 /* View+MASAdditions.m in Sources */ = {isa = PBXBuildFile; fileRef = 071AB8881FDA36C6002B7F19 /* View+MASAdditions.m */; };
		071AB8971FDA36C6002B7F19 /* ViewController+MASAdditions.m in Sources */ = {isa = PBXBuildFile; fileRef = 071AB88B1FDA36C6002B7F19 /* ViewController+MASAdditions.m */; };
		071AB8981FDA36C6002B7F19 /* README.md in Resources */ = {isa = PBXBuildFile; fileRef = 071AB88C1FDA36C6002B7F19 /* README.md */; };
		071AB8A41FDA3C3C002B7F19 /* NSString+Comm.m in Sources */ = {isa = PBXBuildFile; fileRef = 071AB89B1FDA3C3B002B7F19 /* NSString+Comm.m */; };
		071AB8A51FDA3C3C002B7F19 /* NSString+Extension.m in Sources */ = {isa = PBXBuildFile; fileRef = 071AB89D1FDA3C3B002B7F19 /* NSString+Extension.m */; };
		071AB8A61FDA3C3C002B7F19 /* UIColor+ColorConvert.m in Sources */ = {isa = PBXBuildFile; fileRef = 071AB89F1FDA3C3B002B7F19 /* UIColor+ColorConvert.m */; };
		071AB8A71FDA3C3C002B7F19 /* UIImage+ClipImage.m in Sources */ = {isa = PBXBuildFile; fileRef = 071AB8A11FDA3C3B002B7F19 /* UIImage+ClipImage.m */; };
		071AB8A81FDA3C3C002B7F19 /* UIImage+Comm.m in Sources */ = {isa = PBXBuildFile; fileRef = 071AB8A31FDA3C3B002B7F19 /* UIImage+Comm.m */; };
		071AB8AB1FDA5691002B7F19 /* BaseGiftAnimationView.m in Sources */ = {isa = PBXBuildFile; fileRef = 071AB8AA1FDA5691002B7F19 /* BaseGiftAnimationView.m */; };
		071AB8AE1FDA5713002B7F19 /* CommGiftAnimationView.m in Sources */ = {isa = PBXBuildFile; fileRef = 071AB8AD1FDA5713002B7F19 /* CommGiftAnimationView.m */; };
		071AB8B11FDA5728002B7F19 /* ZhaTaGiftAnimationView.m in Sources */ = {isa = PBXBuildFile; fileRef = 071AB8B01FDA5728002B7F19 /* ZhaTaGiftAnimationView.m */; };
		077A7FAE20CE40DF00F3A4E8 /* LiveAnimationViewController.m in Sources */ = {isa = PBXBuildFile; fileRef = 077A7FAD20CE40DF00F3A4E8 /* LiveAnimationViewController.m */; };
		077A7FB220CE44B000F3A4E8 /* CommonUse.m in Sources */ = {isa = PBXBuildFile; fileRef = 077A7FB120CE44B000F3A4E8 /* CommonUse.m */; };
		077A7FB520CE455C00F3A4E8 /* CommSysAnimationViewController.m in Sources */ = {isa = PBXBuildFile; fileRef = 077A7FB420CE455C00F3A4E8 /* CommSysAnimationViewController.m */; };
		077A7FBA20CE5D4E00F3A4E8 /* WaterProgressView.m in Sources */ = {isa = PBXBuildFile; fileRef = 077A7FB820CE5D4D00F3A4E8 /* WaterProgressView.m */; };
		077A7FBD20CE5DC600F3A4E8 /* WaterProgressViewController.m in Sources */ = {isa = PBXBuildFile; fileRef = 077A7FBC20CE5DC600F3A4E8 /* WaterProgressViewController.m */; };
/* End PBXBuildFile section */

/* Begin PBXContainerItemProxy section */
		0707C4B31FD9104B0092EACC /* PBXContainerItemProxy */ = {
			isa = PBXContainerItemProxy;
			containerPortal = 0707C4921FD9104A0092EACC /* Project object */;
			proxyType = 1;
			remoteGlobalIDString = 0707C4991FD9104A0092EACC;
			remoteInfo = AnimationsDemo;
		};
		0707C4BE1FD9104B0092EACC /* PBXContainerItemProxy */ = {
			isa = PBXContainerItemProxy;
			containerPortal = 0707C4921FD9104A0092EACC /* Project object */;
			proxyType = 1;
			remoteGlobalIDString = 0707C4991FD9104A0092EACC;
			remoteInfo = AnimationsDemo;
		};
/* End PBXContainerItemProxy section */

/* Begin PBXFileReference section */
		0707C49A1FD9104A0092EACC /* AnimationsDemo.app */ = {isa = PBXFileReference; explicitFileType = wrapper.application; includeInIndex = 0; path = AnimationsDemo.app; sourceTree = BUILT_PRODUCTS_DIR; };
		0707C49D1FD9104A0092EACC /* AppDelegate.h */ = {isa = PBXFileReference; lastKnownFileType = sourcecode.c.h; path = AppDelegate.h; sourceTree = "<group>"; };
		0707C49E1FD9104A0092EACC /* AppDelegate.m */ = {isa = PBXFileReference; lastKnownFileType = sourcecode.c.objc; path = AppDelegate.m; sourceTree = "<group>"; };
		0707C4A01FD9104A0092EACC /* ViewController.h */ = {isa = PBXFileReference; lastKnownFileType = sourcecode.c.h; path = ViewController.h; sourceTree = "<group>"; };
		0707C4A11FD9104A0092EACC /* ViewController.m */ = {isa = PBXFileReference; lastKnownFileType = sourcecode.c.objc; path = ViewController.m; sourceTree = "<group>"; };
		0707C4A41FD9104A0092EACC /* Base */ = {isa = PBXFileReference; lastKnownFileType = file.storyboard; name = Base; path = Base.lproj/Main.storyboard; sourceTree = "<group>"; };
		0707C4A61FD9104A0092EACC /* Assets.xcassets */ = {isa = PBXFileReference; lastKnownFileType = folder.assetcatalog; path = Assets.xcassets; sourceTree = "<group>"; };
		0707C4A91FD9104A0092EACC /* Base */ = {isa = PBXFileReference; lastKnownFileType = file.storyboard; name = Base; path = Base.lproj/LaunchScreen.storyboard; sourceTree = "<group>"; };
		0707C4AB1FD9104A0092EACC /* Info.plist */ = {isa = PBXFileReference; lastKnownFileType = text.plist.xml; path = Info.plist; sourceTree = "<group>"; };
		0707C4AC1FD9104B0092EACC /* main.m */ = {isa = PBXFileReference; lastKnownFileType = sourcecode.c.objc; path = main.m; sourceTree = "<group>"; };
		0707C4B21FD9104B0092EACC /* AnimationsDemoTests.xctest */ = {isa = PBXFileReference; explicitFileType = wrapper.cfbundle; includeInIndex = 0; path = AnimationsDemoTests.xctest; sourceTree = BUILT_PRODUCTS_DIR; };
		0707C4B61FD9104B0092EACC /* AnimationsDemoTests.m */ = {isa = PBXFileReference; lastKnownFileType = sourcecode.c.objc; path = AnimationsDemoTests.m; sourceTree = "<group>"; };
		0707C4B81FD9104B0092EACC /* Info.plist */ = {isa = PBXFileReference; lastKnownFileType = text.plist.xml; path = Info.plist; sourceTree = "<group>"; };
		0707C4BD1FD9104B0092EACC /* AnimationsDemoUITests.xctest */ = {isa = PBXFileReference; explicitFileType = wrapper.cfbundle; includeInIndex = 0; path = AnimationsDemoUITests.xctest; sourceTree = BUILT_PRODUCTS_DIR; };
		0707C4C11FD9104B0092EACC /* AnimationsDemoUITests.m */ = {isa = PBXFileReference; lastKnownFileType = sourcecode.c.objc; path = AnimationsDemoUITests.m; sourceTree = "<group>"; };
		0707C4C31FD9104B0092EACC /* Info.plist */ = {isa = PBXFileReference; lastKnownFileType = text.plist.xml; path = Info.plist; sourceTree = "<group>"; };
		0707C4D01FD910620092EACC /* FullScreenWordRunAnimationView.h */ = {isa = PBXFileReference; fileEncoding = 4; lastKnownFileType = sourcecode.c.h; path = FullScreenWordRunAnimationView.h; sourceTree = "<group>"; };
		0707C4D11FD910620092EACC /* FullScreenWordRunAnimationView.m */ = {isa = PBXFileReference; fileEncoding = 4; lastKnownFileType = sourcecode.c.objc; path = FullScreenWordRunAnimationView.m; sourceTree = "<group>"; };
		0707C4D31FD910920092EACC /* AnimationModel.h */ = {isa = PBXFileReference; fileEncoding = 4; lastKnownFileType = sourcecode.c.h; path = AnimationModel.h; sourceTree = "<group>"; };
		0707C4D41FD910920092EACC /* AnimationModel.m */ = {isa = PBXFileReference; fileEncoding = 4; lastKnownFileType = sourcecode.c.objc; path = AnimationModel.m; sourceTree = "<group>"; };
		0707C4D61FD911460092EACC /* CommHeader.h */ = {isa = PBXFileReference; lastKnownFileType = sourcecode.c.h; path = CommHeader.h; sourceTree = "<group>"; };
		071AB86D1FDA3069002B7F19 /* GiftAnimationView.h */ = {isa = PBXFileReference; lastKnownFileType = sourcecode.c.h; path = GiftAnimationView.h; sourceTree = "<group>"; };
		071AB86E1FDA3069002B7F19 /* GiftAnimationView.m */ = {isa = PBXFileReference; lastKnownFileType = sourcecode.c.objc; path = GiftAnimationView.m; sourceTree = "<group>"; };
		071AB8711FDA36C6002B7F19 /* LICENSE */ = {isa = PBXFileReference; fileEncoding = 4; lastKnownFileType = text; path = LICENSE; sourceTree = "<group>"; };
		071AB8731FDA36C6002B7F19 /* MASCompositeConstraint.h */ = {isa = PBXFileReference; fileEncoding = 4; lastKnownFileType = sourcecode.c.h; path = MASCompositeConstraint.h; sourceTree = "<group>"; };
		071AB8741FDA36C6002B7F19 /* MASCompositeConstraint.m */ = {isa = PBXFileReference; fileEncoding = 4; lastKnownFileType = sourcecode.c.objc; path = MASCompositeConstraint.m; sourceTree = "<group>"; };
		071AB8751FDA36C6002B7F19 /* MASConstraint+Private.h */ = {isa = PBXFileReference; fileEncoding = 4; lastKnownFileType = sourcecode.c.h; path = "MASConstraint+Private.h"; sourceTree = "<group>"; };
		071AB8761FDA36C6002B7F19 /* MASConstraint.h */ = {isa = PBXFileReference; fileEncoding = 4; lastKnownFileType = sourcecode.c.h; path = MASConstraint.h; sourceTree = "<group>"; };
		071AB8771FDA36C6002B7F19 /* MASConstraint.m */ = {isa = PBXFileReference; fileEncoding = 4; lastKnownFileType = sourcecode.c.objc; path = MASConstraint.m; sourceTree = "<group>"; };
		071AB8781FDA36C6002B7F19 /* MASConstraintMaker.h */ = {isa = PBXFileReference; fileEncoding = 4; lastKnownFileType = sourcecode.c.h; path = MASConstraintMaker.h; sourceTree = "<group>"; };
		071AB8791FDA36C6002B7F19 /* MASConstraintMaker.m */ = {isa = PBXFileReference; fileEncoding = 4; lastKnownFileType = sourcecode.c.objc; path = MASConstraintMaker.m; sourceTree = "<group>"; };
		071AB87A1FDA36C6002B7F19 /* MASLayoutConstraint.h */ = {isa = PBXFileReference; fileEncoding = 4; lastKnownFileType = sourcecode.c.h; path = MASLayoutConstraint.h; sourceTree = "<group>"; };
		071AB87B1FDA36C6002B7F19 /* MASLayoutConstraint.m */ = {isa = PBXFileReference; fileEncoding = 4; lastKnownFileType = sourcecode.c.objc; path = MASLayoutConstraint.m; sourceTree = "<group>"; };
		071AB87C1FDA36C6002B7F19 /* Masonry.h */ = {isa = PBXFileReference; fileEncoding = 4; lastKnownFileType = sourcecode.c.h; path = Masonry.h; sourceTree = "<group>"; };
		071AB87D1FDA36C6002B7F19 /* MASUtilities.h */ = {isa = PBXFileReference; fileEncoding = 4; lastKnownFileType = sourcecode.c.h; path = MASUtilities.h; sourceTree = "<group>"; };
		071AB87E1FDA36C6002B7F19 /* MASViewAttribute.h */ = {isa = PBXFileReference; fileEncoding = 4; lastKnownFileType = sourcecode.c.h; path = MASViewAttribute.h; sourceTree = "<group>"; };
		071AB87F1FDA36C6002B7F19 /* MASViewAttribute.m */ = {isa = PBXFileReference; fileEncoding = 4; lastKnownFileType = sourcecode.c.objc; path = MASViewAttribute.m; sourceTree = "<group>"; };
		071AB8801FDA36C6002B7F19 /* MASViewConstraint.h */ = {isa = PBXFileReference; fileEncoding = 4; lastKnownFileType = sourcecode.c.h; path = MASViewConstraint.h; sourceTree = "<group>"; };
		071AB8811FDA36C6002B7F19 /* MASViewConstraint.m */ = {isa = PBXFileReference; fileEncoding = 4; lastKnownFileType = sourcecode.c.objc; path = MASViewConstraint.m; sourceTree = "<group>"; };
		071AB8821FDA36C6002B7F19 /* NSArray+MASAdditions.h */ = {isa = PBXFileReference; fileEncoding = 4; lastKnownFileType = sourcecode.c.h; path = "NSArray+MASAdditions.h"; sourceTree = "<group>"; };
		071AB8831FDA36C6002B7F19 /* NSArray+MASAdditions.m */ = {isa = PBXFileReference; fileEncoding = 4; lastKnownFileType = sourcecode.c.objc; path = "NSArray+MASAdditions.m"; sourceTree = "<group>"; };
		071AB8841FDA36C6002B7F19 /* NSArray+MASShorthandAdditions.h */ = {isa = PBXFileReference; fileEncoding = 4; lastKnownFileType = sourcecode.c.h; path = "NSArray+MASShorthandAdditions.h"; sourceTree = "<group>"; };
		071AB8851FDA36C6002B7F19 /* NSLayoutConstraint+MASDebugAdditions.h */ = {isa = PBXFileReference; fileEncoding = 4; lastKnownFileType = sourcecode.c.h; path = "NSLayoutConstraint+MASDebugAdditions.h"; sourceTree = "<group>"; };
		071AB8861FDA36C6002B7F19 /* NSLayoutConstraint+MASDebugAdditions.m */ = {isa = PBXFileReference; fileEncoding = 4; lastKnownFileType = sourcecode.c.objc; path = "NSLayoutConstraint+MASDebugAdditions.m"; sourceTree = "<group>"; };
		071AB8871FDA36C6002B7F19 /* View+MASAdditions.h */ = {isa = PBXFileReference; fileEncoding = 4; lastKnownFileType = sourcecode.c.h; path = "View+MASAdditions.h"; sourceTree = "<group>"; };
		071AB8881FDA36C6002B7F19 /* View+MASAdditions.m */ = {isa = PBXFileReference; fileEncoding = 4; lastKnownFileType = sourcecode.c.objc; path = "View+MASAdditions.m"; sourceTree = "<group>"; };
		071AB8891FDA36C6002B7F19 /* View+MASShorthandAdditions.h */ = {isa = PBXFileReference; fileEncoding = 4; lastKnownFileType = sourcecode.c.h; path = "View+MASShorthandAdditions.h"; sourceTree = "<group>"; };
		071AB88A1FDA36C6002B7F19 /* ViewController+MASAdditions.h */ = {isa = PBXFileReference; fileEncoding = 4; lastKnownFileType = sourcecode.c.h; path = "ViewController+MASAdditions.h"; sourceTree = "<group>"; };
		071AB88B1FDA36C6002B7F19 /* ViewController+MASAdditions.m */ = {isa = PBXFileReference; fileEncoding = 4; lastKnownFileType = sourcecode.c.objc; path = "ViewController+MASAdditions.m"; sourceTree = "<group>"; };
		071AB88C1FDA36C6002B7F19 /* README.md */ = {isa = PBXFileReference; fileEncoding = 4; lastKnownFileType = net.daringfireball.markdown; path = README.md; sourceTree = "<group>"; };
		071AB89A1FDA3C3B002B7F19 /* NSString+Comm.h */ = {isa = PBXFileReference; fileEncoding = 4; lastKnownFileType = sourcecode.c.h; path = "NSString+Comm.h"; sourceTree = "<group>"; };
		071AB89B1FDA3C3B002B7F19 /* NSString+Comm.m */ = {isa = PBXFileReference; fileEncoding = 4; lastKnownFileType = sourcecode.c.objc; path = "NSString+Comm.m"; sourceTree = "<group>"; };
		071AB89C1FDA3C3B002B7F19 /* NSString+Extension.h */ = {isa = PBXFileReference; fileEncoding = 4; lastKnownFileType = sourcecode.c.h; path = "NSString+Extension.h"; sourceTree = "<group>"; };
		071AB89D1FDA3C3B002B7F19 /* NSString+Extension.m */ = {isa = PBXFileReference; fileEncoding = 4; lastKnownFileType = sourcecode.c.objc; path = "NSString+Extension.m"; sourceTree = "<group>"; };
		071AB89E1FDA3C3B002B7F19 /* UIColor+ColorConvert.h */ = {isa = PBXFileReference; fileEncoding = 4; lastKnownFileType = sourcecode.c.h; path = "UIColor+ColorConvert.h"; sourceTree = "<group>"; };
		071AB89F1FDA3C3B002B7F19 /* UIColor+ColorConvert.m */ = {isa = PBXFileReference; fileEncoding = 4; lastKnownFileType = sourcecode.c.objc; path = "UIColor+ColorConvert.m"; sourceTree = "<group>"; };
		071AB8A01FDA3C3B002B7F19 /* UIImage+ClipImage.h */ = {isa = PBXFileReference; fileEncoding = 4; lastKnownFileType = sourcecode.c.h; path = "UIImage+ClipImage.h"; sourceTree = "<group>"; };
		071AB8A11FDA3C3B002B7F19 /* UIImage+ClipImage.m */ = {isa = PBXFileReference; fileEncoding = 4; lastKnownFileType = sourcecode.c.objc; path = "UIImage+ClipImage.m"; sourceTree = "<group>"; };
		071AB8A21FDA3C3B002B7F19 /* UIImage+Comm.h */ = {isa = PBXFileReference; fileEncoding = 4; lastKnownFileType = sourcecode.c.h; path = "UIImage+Comm.h"; sourceTree = "<group>"; };
		071AB8A31FDA3C3B002B7F19 /* UIImage+Comm.m */ = {isa = PBXFileReference; fileEncoding = 4; lastKnownFileType = sourcecode.c.objc; path = "UIImage+Comm.m"; sourceTree = "<group>"; };
		071AB8A91FDA5691002B7F19 /* BaseGiftAnimationView.h */ = {isa = PBXFileReference; lastKnownFileType = sourcecode.c.h; path = BaseGiftAnimationView.h; sourceTree = "<group>"; };
		071AB8AA1FDA5691002B7F19 /* BaseGiftAnimationView.m */ = {isa = PBXFileReference; lastKnownFileType = sourcecode.c.objc; path = BaseGiftAnimationView.m; sourceTree = "<group>"; };
		071AB8AC1FDA5713002B7F19 /* CommGiftAnimationView.h */ = {isa = PBXFileReference; lastKnownFileType = sourcecode.c.h; path = CommGiftAnimationView.h; sourceTree = "<group>"; };
		071AB8AD1FDA5713002B7F19 /* CommGiftAnimationView.m */ = {isa = PBXFileReference; lastKnownFileType = sourcecode.c.objc; path = CommGiftAnimationView.m; sourceTree = "<group>"; };
		071AB8AF1FDA5728002B7F19 /* ZhaTaGiftAnimationView.h */ = {isa = PBXFileReference; lastKnownFileType = sourcecode.c.h; path = ZhaTaGiftAnimationView.h; sourceTree = "<group>"; };
		071AB8B01FDA5728002B7F19 /* ZhaTaGiftAnimationView.m */ = {isa = PBXFileReference; lastKnownFileType = sourcecode.c.objc; path = ZhaTaGiftAnimationView.m; sourceTree = "<group>"; };
		077A7FAC20CE40DF00F3A4E8 /* LiveAnimationViewController.h */ = {isa = PBXFileReference; lastKnownFileType = sourcecode.c.h; path = LiveAnimationViewController.h; sourceTree = "<group>"; };
		077A7FAD20CE40DF00F3A4E8 /* LiveAnimationViewController.m */ = {isa = PBXFileReference; lastKnownFileType = sourcecode.c.objc; path = LiveAnimationViewController.m; sourceTree = "<group>"; };
		077A7FB020CE44AF00F3A4E8 /* CommonUse.h */ = {isa = PBXFileReference; fileEncoding = 4; lastKnownFileType = sourcecode.c.h; path = CommonUse.h; sourceTree = "<group>"; };
		077A7FB120CE44B000F3A4E8 /* CommonUse.m */ = {isa = PBXFileReference; fileEncoding = 4; lastKnownFileType = sourcecode.c.objc; path = CommonUse.m; sourceTree = "<group>"; };
		077A7FB320CE455C00F3A4E8 /* CommSysAnimationViewController.h */ = {isa = PBXFileReference; lastKnownFileType = sourcecode.c.h; path = CommSysAnimationViewController.h; sourceTree = "<group>"; };
		077A7FB420CE455C00F3A4E8 /* CommSysAnimationViewController.m */ = {isa = PBXFileReference; lastKnownFileType = sourcecode.c.objc; path = CommSysAnimationViewController.m; sourceTree = "<group>"; };
		077A7FB820CE5D4D00F3A4E8 /* WaterProgressView.m */ = {isa = PBXFileReference; fileEncoding = 4; lastKnownFileType = sourcecode.c.objc; path = WaterProgressView.m; sourceTree = "<group>"; };
		077A7FB920CE5D4E00F3A4E8 /* WaterProgressView.h */ = {isa = PBXFileReference; fileEncoding = 4; lastKnownFileType = sourcecode.c.h; path = WaterProgressView.h; sourceTree = "<group>"; };
		077A7FBB20CE5DC600F3A4E8 /* WaterProgressViewController.h */ = {isa = PBXFileReference; lastKnownFileType = sourcecode.c.h; path = WaterProgressViewController.h; sourceTree = "<group>"; };
		077A7FBC20CE5DC600F3A4E8 /* WaterProgressViewController.m */ = {isa = PBXFileReference; lastKnownFileType = sourcecode.c.objc; path = WaterProgressViewController.m; sourceTree = "<group>"; };
/* End PBXFileReference section */

/* Begin PBXFrameworksBuildPhase section */
		0707C4971FD9104A0092EACC /* Frameworks */ = {
			isa = PBXFrameworksBuildPhase;
			buildActionMask = 2147483647;
			files = (
			);
			runOnlyForDeploymentPostprocessing = 0;
		};
		0707C4AF1FD9104B0092EACC /* Frameworks */ = {
			isa = PBXFrameworksBuildPhase;
			buildActionMask = 2147483647;
			files = (
			);
			runOnlyForDeploymentPostprocessing = 0;
		};
		0707C4BA1FD9104B0092EACC /* Frameworks */ = {
			isa = PBXFrameworksBuildPhase;
			buildActionMask = 2147483647;
			files = (
			);
			runOnlyForDeploymentPostprocessing = 0;
		};
/* End PBXFrameworksBuildPhase section */

/* Begin PBXGroup section */
		0707C4911FD9104A0092EACC = {
			isa = PBXGroup;
			children = (
				0707C49C1FD9104A0092EACC /* AnimationsDemo */,
				0707C4B51FD9104B0092EACC /* AnimationsDemoTests */,
				0707C4C01FD9104B0092EACC /* AnimationsDemoUITests */,
				0707C49B1FD9104A0092EACC /* Products */,
			);
			sourceTree = "<group>";
		};
		0707C49B1FD9104A0092EACC /* Products */ = {
			isa = PBXGroup;
			children = (
				0707C49A1FD9104A0092EACC /* AnimationsDemo.app */,
				0707C4B21FD9104B0092EACC /* AnimationsDemoTests.xctest */,
				0707C4BD1FD9104B0092EACC /* AnimationsDemoUITests.xctest */,
			);
			name = Products;
			sourceTree = "<group>";
		};
		0707C49C1FD9104A0092EACC /* AnimationsDemo */ = {
			isa = PBXGroup;
			children = (
				077A7FAA20CE409B00F3A4E8 /* ViewControl */,
				0731A86A1FECC74E00987859 /* Third */,
				0707C4D61FD911460092EACC /* CommHeader.h */,
				071AB8991FDA3C3B002B7F19 /* Categroy */,
				071AB8701FDA36C6002B7F19 /* Masonry */,
				0707C49D1FD9104A0092EACC /* AppDelegate.h */,
				0707C49E1FD9104A0092EACC /* AppDelegate.m */,
				0707C4A01FD9104A0092EACC /* ViewController.h */,
				0707C4A11FD9104A0092EACC /* ViewController.m */,
				0707C4A31FD9104A0092EACC /* Main.storyboard */,
				0707C4A61FD9104A0092EACC /* Assets.xcassets */,
				0707C4A81FD9104A0092EACC /* LaunchScreen.storyboard */,
				0707C4AB1FD9104A0092EACC /* Info.plist */,
				0707C4AC1FD9104B0092EACC /* main.m */,
			);
			path = AnimationsDemo;
			sourceTree = "<group>";
		};
		0707C4B51FD9104B0092EACC /* AnimationsDemoTests */ = {
			isa = PBXGroup;
			children = (
				0707C4B61FD9104B0092EACC /* AnimationsDemoTests.m */,
				0707C4B81FD9104B0092EACC /* Info.plist */,
			);
			path = AnimationsDemoTests;
			sourceTree = "<group>";
		};
		0707C4C01FD9104B0092EACC /* AnimationsDemoUITests */ = {
			isa = PBXGroup;
			children = (
				0707C4C11FD9104B0092EACC /* AnimationsDemoUITests.m */,
				0707C4C31FD9104B0092EACC /* Info.plist */,
			);
			path = AnimationsDemoUITests;
			sourceTree = "<group>";
		};
		0707C4CF1FD910620092EACC /* Animation */ = {
			isa = PBXGroup;
			children = (
				0707C4D31FD910920092EACC /* AnimationModel.h */,
				0707C4D41FD910920092EACC /* AnimationModel.m */,
				0707C4D01FD910620092EACC /* FullScreenWordRunAnimationView.h */,
				0707C4D11FD910620092EACC /* FullScreenWordRunAnimationView.m */,
				071AB86D1FDA3069002B7F19 /* GiftAnimationView.h */,
				071AB86E1FDA3069002B7F19 /* GiftAnimationView.m */,
				071AB8A91FDA5691002B7F19 /* BaseGiftAnimationView.h */,
				071AB8AA1FDA5691002B7F19 /* BaseGiftAnimationView.m */,
				071AB8AC1FDA5713002B7F19 /* CommGiftAnimationView.h */,
				071AB8AD1FDA5713002B7F19 /* CommGiftAnimationView.m */,
				071AB8AF1FDA5728002B7F19 /* ZhaTaGiftAnimationView.h */,
				071AB8B01FDA5728002B7F19 /* ZhaTaGiftAnimationView.m */,
			);
			path = Animation;
			sourceTree = "<group>";
		};
		071AB8701FDA36C6002B7F19 /* Masonry */ = {
			isa = PBXGroup;
			children = (
				071AB8711FDA36C6002B7F19 /* LICENSE */,
				071AB8721FDA36C6002B7F19 /* Masonry */,
				071AB88C1FDA36C6002B7F19 /* README.md */,
			);
			path = Masonry;
			sourceTree = "<group>";
		};
		071AB8721FDA36C6002B7F19 /* Masonry */ = {
			isa = PBXGroup;
			children = (
				071AB8731FDA36C6002B7F19 /* MASCompositeConstraint.h */,
				071AB8741FDA36C6002B7F19 /* MASCompositeConstraint.m */,
				071AB8751FDA36C6002B7F19 /* MASConstraint+Private.h */,
				071AB8761FDA36C6002B7F19 /* MASConstraint.h */,
				071AB8771FDA36C6002B7F19 /* MASConstraint.m */,
				071AB8781FDA36C6002B7F19 /* MASConstraintMaker.h */,
				071AB8791FDA36C6002B7F19 /* MASConstraintMaker.m */,
				071AB87A1FDA36C6002B7F19 /* MASLayoutConstraint.h */,
				071AB87B1FDA36C6002B7F19 /* MASLayoutConstraint.m */,
				071AB87C1FDA36C6002B7F19 /* Masonry.h */,
				071AB87D1FDA36C6002B7F19 /* MASUtilities.h */,
				071AB87E1FDA36C6002B7F19 /* MASViewAttribute.h */,
				071AB87F1FDA36C6002B7F19 /* MASViewAttribute.m */,
				071AB8801FDA36C6002B7F19 /* MASViewConstraint.h */,
				071AB8811FDA36C6002B7F19 /* MASViewConstraint.m */,
				071AB8821FDA36C6002B7F19 /* NSArray+MASAdditions.h */,
				071AB8831FDA36C6002B7F19 /* NSArray+MASAdditions.m */,
				071AB8841FDA36C6002B7F19 /* NSArray+MASShorthandAdditions.h */,
				071AB8851FDA36C6002B7F19 /* NSLayoutConstraint+MASDebugAdditions.h */,
				071AB8861FDA36C6002B7F19 /* NSLayoutConstraint+MASDebugAdditions.m */,
				071AB8871FDA36C6002B7F19 /* View+MASAdditions.h */,
				071AB8881FDA36C6002B7F19 /* View+MASAdditions.m */,
				071AB8891FDA36C6002B7F19 /* View+MASShorthandAdditions.h */,
				071AB88A1FDA36C6002B7F19 /* ViewController+MASAdditions.h */,
				071AB88B1FDA36C6002B7F19 /* ViewController+MASAdditions.m */,
			);
			path = Masonry;
			sourceTree = "<group>";
		};
		071AB8991FDA3C3B002B7F19 /* Categroy */ = {
			isa = PBXGroup;
			children = (
				071AB89A1FDA3C3B002B7F19 /* NSString+Comm.h */,
				071AB89B1FDA3C3B002B7F19 /* NSString+Comm.m */,
				071AB89C1FDA3C3B002B7F19 /* NSString+Extension.h */,
				071AB89D1FDA3C3B002B7F19 /* NSString+Extension.m */,
				071AB89E1FDA3C3B002B7F19 /* UIColor+ColorConvert.h */,
				071AB89F1FDA3C3B002B7F19 /* UIColor+ColorConvert.m */,
				071AB8A01FDA3C3B002B7F19 /* UIImage+ClipImage.h */,
				071AB8A11FDA3C3B002B7F19 /* UIImage+ClipImage.m */,
				071AB8A21FDA3C3B002B7F19 /* UIImage+Comm.h */,
				071AB8A31FDA3C3B002B7F19 /* UIImage+Comm.m */,
			);
			path = Categroy;
			sourceTree = "<group>";
		};
		0731A86A1FECC74E00987859 /* Third */ = {
			isa = PBXGroup;
			children = (
			);
			path = Third;
			sourceTree = "<group>";
		};
		077A7FAA20CE409B00F3A4E8 /* ViewControl */ = {
			isa = PBXGroup;
			children = (
				077A7FB720CE5D2000F3A4E8 /* WaterProgress */,
				077A7FAF20CE42F300F3A4E8 /* Commend */,
				077A7FAB20CE40B400F3A4E8 /* Live */,
			);
			path = ViewControl;
			sourceTree = "<group>";
		};
		077A7FAB20CE40B400F3A4E8 /* Live */ = {
			isa = PBXGroup;
			children = (
				0707C4CF1FD910620092EACC /* Animation */,
				077A7FAC20CE40DF00F3A4E8 /* LiveAnimationViewController.h */,
				077A7FAD20CE40DF00F3A4E8 /* LiveAnimationViewController.m */,
			);
			path = Live;
			sourceTree = "<group>";
		};
		077A7FAF20CE42F300F3A4E8 /* Commend */ = {
			isa = PBXGroup;
			children = (
				077A7FB020CE44AF00F3A4E8 /* CommonUse.h */,
				077A7FB120CE44B000F3A4E8 /* CommonUse.m */,
				077A7FB320CE455C00F3A4E8 /* CommSysAnimationViewController.h */,
				077A7FB420CE455C00F3A4E8 /* CommSysAnimationViewController.m */,
			);
			path = Commend;
			sourceTree = "<group>";
		};
		077A7FB720CE5D2000F3A4E8 /* WaterProgress */ = {
			isa = PBXGroup;
			children = (
				077A7FB920CE5D4E00F3A4E8 /* WaterProgressView.h */,
				077A7FB820CE5D4D00F3A4E8 /* WaterProgressView.m */,
				077A7FBB20CE5DC600F3A4E8 /* WaterProgressViewController.h */,
				077A7FBC20CE5DC600F3A4E8 /* WaterProgressViewController.m */,
			);
			path = WaterProgress;
			sourceTree = "<group>";
		};
/* End PBXGroup section */

/* Begin PBXNativeTarget section */
		0707C4991FD9104A0092EACC /* AnimationsDemo */ = {
			isa = PBXNativeTarget;
			buildConfigurationList = 0707C4C61FD9104B0092EACC /* Build configuration list for PBXNativeTarget "AnimationsDemo" */;
			buildPhases = (
				0707C4961FD9104A0092EACC /* Sources */,
				0707C4971FD9104A0092EACC /* Frameworks */,
				0707C4981FD9104A0092EACC /* Resources */,
			);
			buildRules = (
			);
			dependencies = (
			);
			name = AnimationsDemo;
			productName = AnimationsDemo;
			productReference = 0707C49A1FD9104A0092EACC /* AnimationsDemo.app */;
			productType = "com.apple.product-type.application";
		};
		0707C4B11FD9104B0092EACC /* AnimationsDemoTests */ = {
			isa = PBXNativeTarget;
			buildConfigurationList = 0707C4C91FD9104B0092EACC /* Build configuration list for PBXNativeTarget "AnimationsDemoTests" */;
			buildPhases = (
				0707C4AE1FD9104B0092EACC /* Sources */,
				0707C4AF1FD9104B0092EACC /* Frameworks */,
				0707C4B01FD9104B0092EACC /* Resources */,
			);
			buildRules = (
			);
			dependencies = (
				0707C4B41FD9104B0092EACC /* PBXTargetDependency */,
			);
			name = AnimationsDemoTests;
			productName = AnimationsDemoTests;
			productReference = 0707C4B21FD9104B0092EACC /* AnimationsDemoTests.xctest */;
			productType = "com.apple.product-type.bundle.unit-test";
		};
		0707C4BC1FD9104B0092EACC /* AnimationsDemoUITests */ = {
			isa = PBXNativeTarget;
			buildConfigurationList = 0707C4CC1FD9104B0092EACC /* Build configuration list for PBXNativeTarget "AnimationsDemoUITests" */;
			buildPhases = (
				0707C4B91FD9104B0092EACC /* Sources */,
				0707C4BA1FD9104B0092EACC /* Frameworks */,
				0707C4BB1FD9104B0092EACC /* Resources */,
			);
			buildRules = (
			);
			dependencies = (
				0707C4BF1FD9104B0092EACC /* PBXTargetDependency */,
			);
			name = AnimationsDemoUITests;
			productName = AnimationsDemoUITests;
			productReference = 0707C4BD1FD9104B0092EACC /* AnimationsDemoUITests.xctest */;
			productType = "com.apple.product-type.bundle.ui-testing";
		};
/* End PBXNativeTarget section */

/* Begin PBXProject section */
		0707C4921FD9104A0092EACC /* Project object */ = {
			isa = PBXProject;
			attributes = {
				LastUpgradeCheck = 0910;
				ORGANIZATIONNAME = WeiEr;
				TargetAttributes = {
					0707C4991FD9104A0092EACC = {
						CreatedOnToolsVersion = 9.1;
						ProvisioningStyle = Automatic;
					};
					0707C4B11FD9104B0092EACC = {
						CreatedOnToolsVersion = 9.1;
						ProvisioningStyle = Automatic;
						TestTargetID = 0707C4991FD9104A0092EACC;
					};
					0707C4BC1FD9104B0092EACC = {
						CreatedOnToolsVersion = 9.1;
						ProvisioningStyle = Automatic;
						TestTargetID = 0707C4991FD9104A0092EACC;
					};
				};
			};
			buildConfigurationList = 0707C4951FD9104A0092EACC /* Build configuration list for PBXProject "AnimationsDemo" */;
			compatibilityVersion = "Xcode 8.0";
			developmentRegion = en;
			hasScannedForEncodings = 0;
			knownRegions = (
				en,
				Base,
			);
			mainGroup = 0707C4911FD9104A0092EACC;
			productRefGroup = 0707C49B1FD9104A0092EACC /* Products */;
			projectDirPath = "";
			projectRoot = "";
			targets = (
				0707C4991FD9104A0092EACC /* AnimationsDemo */,
				0707C4B11FD9104B0092EACC /* AnimationsDemoTests */,
				0707C4BC1FD9104B0092EACC /* AnimationsDemoUITests */,
			);
		};
/* End PBXProject section */

/* Begin PBXResourcesBuildPhase section */
		0707C4981FD9104A0092EACC /* Resources */ = {
			isa = PBXResourcesBuildPhase;
			buildActionMask = 2147483647;
			files = (
				0707C4AA1FD9104A0092EACC /* LaunchScreen.storyboard in Resources */,
				0707C4A71FD9104A0092EACC /* Assets.xcassets in Resources */,
				071AB8981FDA36C6002B7F19 /* README.md in Resources */,
				071AB88D1FDA36C6002B7F19 /* LICENSE in Resources */,
				0707C4A51FD9104A0092EACC /* Main.storyboard in Resources */,
			);
			runOnlyForDeploymentPostprocessing = 0;
		};
		0707C4B01FD9104B0092EACC /* Resources */ = {
			isa = PBXResourcesBuildPhase;
			buildActionMask = 2147483647;
			files = (
			);
			runOnlyForDeploymentPostprocessing = 0;
		};
		0707C4BB1FD9104B0092EACC /* Resources */ = {
			isa = PBXResourcesBuildPhase;
			buildActionMask = 2147483647;
			files = (
			);
			runOnlyForDeploymentPostprocessing = 0;
		};
/* End PBXResourcesBuildPhase section */

/* Begin PBXSourcesBuildPhase section */
		0707C4961FD9104A0092EACC /* Sources */ = {
			isa = PBXSourcesBuildPhase;
			buildActionMask = 2147483647;
			files = (
				071AB8B11FDA5728002B7F19 /* ZhaTaGiftAnimationView.m in Sources */,
				077A7FBA20CE5D4E00F3A4E8 /* WaterProgressView.m in Sources */,
				071AB8AB1FDA5691002B7F19 /* BaseGiftAnimationView.m in Sources */,
				077A7FB220CE44B000F3A4E8 /* CommonUse.m in Sources */,
				071AB88F1FDA36C6002B7F19 /* MASConstraint.m in Sources */,
				071AB8A71FDA3C3C002B7F19 /* UIImage+ClipImage.m in Sources */,
				077A7FBD20CE5DC600F3A4E8 /* WaterProgressViewController.m in Sources */,
				071AB8921FDA36C6002B7F19 /* MASViewAttribute.m in Sources */,
				071AB8971FDA36C6002B7F19 /* ViewController+MASAdditions.m in Sources */,
				071AB8941FDA36C6002B7F19 /* NSArray+MASAdditions.m in Sources */,
				077A7FB520CE455C00F3A4E8 /* CommSysAnimationViewController.m in Sources */,
				0707C4D21FD910620092EACC /* FullScreenWordRunAnimationView.m in Sources */,
				071AB8931FDA36C6002B7F19 /* MASViewConstraint.m in Sources */,
				071AB8AE1FDA5713002B7F19 /* CommGiftAnimationView.m in Sources */,
				071AB8A81FDA3C3C002B7F19 /* UIImage+Comm.m in Sources */,
				071AB8911FDA36C6002B7F19 /* MASLayoutConstraint.m in Sources */,
				071AB8A51FDA3C3C002B7F19 /* NSString+Extension.m in Sources */,
				077A7FAE20CE40DF00F3A4E8 /* LiveAnimationViewController.m in Sources */,
				0707C4A21FD9104A0092EACC /* ViewController.m in Sources */,
				0707C4AD1FD9104B0092EACC /* main.m in Sources */,
				071AB8A41FDA3C3C002B7F19 /* NSString+Comm.m in Sources */,
				071AB8961FDA36C6002B7F19 /* View+MASAdditions.m in Sources */,
				071AB88E1FDA36C6002B7F19 /* MASCompositeConstraint.m in Sources */,
				071AB8951FDA36C6002B7F19 /* NSLayoutConstraint+MASDebugAdditions.m in Sources */,
				071AB8901FDA36C6002B7F19 /* MASConstraintMaker.m in Sources */,
				071AB8A61FDA3C3C002B7F19 /* UIColor+ColorConvert.m in Sources */,
				071AB86F1FDA3069002B7F19 /* GiftAnimationView.m in Sources */,
				0707C49F1FD9104A0092EACC /* AppDelegate.m in Sources */,
				0707C4D51FD910920092EACC /* AnimationModel.m in Sources */,
			);
			runOnlyForDeploymentPostprocessing = 0;
		};
		0707C4AE1FD9104B0092EACC /* Sources */ = {
			isa = PBXSourcesBuildPhase;
			buildActionMask = 2147483647;
			files = (
				0707C4B71FD9104B0092EACC /* AnimationsDemoTests.m in Sources */,
			);
			runOnlyForDeploymentPostprocessing = 0;
		};
		0707C4B91FD9104B0092EACC /* Sources */ = {
			isa = PBXSourcesBuildPhase;
			buildActionMask = 2147483647;
			files = (
				0707C4C21FD9104B0092EACC /* AnimationsDemoUITests.m in Sources */,
			);
			runOnlyForDeploymentPostprocessing = 0;
		};
/* End PBXSourcesBuildPhase section */

/* Begin PBXTargetDependency section */
		0707C4B41FD9104B0092EACC /* PBXTargetDependency */ = {
			isa = PBXTargetDependency;
			target = 0707C4991FD9104A0092EACC /* AnimationsDemo */;
			targetProxy = 0707C4B31FD9104B0092EACC /* PBXContainerItemProxy */;
		};
		0707C4BF1FD9104B0092EACC /* PBXTargetDependency */ = {
			isa = PBXTargetDependency;
			target = 0707C4991FD9104A0092EACC /* AnimationsDemo */;
			targetProxy = 0707C4BE1FD9104B0092EACC /* PBXContainerItemProxy */;
		};
/* End PBXTargetDependency section */

/* Begin PBXVariantGroup section */
		0707C4A31FD9104A0092EACC /* Main.storyboard */ = {
			isa = PBXVariantGroup;
			children = (
				0707C4A41FD9104A0092EACC /* Base */,
			);
			name = Main.storyboard;
			sourceTree = "<group>";
		};
		0707C4A81FD9104A0092EACC /* LaunchScreen.storyboard */ = {
			isa = PBXVariantGroup;
			children = (
				0707C4A91FD9104A0092EACC /* Base */,
			);
			name = LaunchScreen.storyboard;
			sourceTree = "<group>";
		};
/* End PBXVariantGroup section */

/* Begin XCBuildConfiguration section */
		0707C4C41FD9104B0092EACC /* Debug */ = {
			isa = XCBuildConfiguration;
			buildSettings = {
				ALWAYS_SEARCH_USER_PATHS = NO;
				CLANG_ANALYZER_NONNULL = YES;
				CLANG_ANALYZER_NUMBER_OBJECT_CONVERSION = YES_AGGRESSIVE;
				CLANG_CXX_LANGUAGE_STANDARD = "gnu++14";
				CLANG_CXX_LIBRARY = "libc++";
				CLANG_ENABLE_MODULES = YES;
				CLANG_ENABLE_OBJC_ARC = YES;
				CLANG_WARN_BLOCK_CAPTURE_AUTORELEASING = YES;
				CLANG_WARN_BOOL_CONVERSION = YES;
				CLANG_WARN_COMMA = YES;
				CLANG_WARN_CONSTANT_CONVERSION = YES;
				CLANG_WARN_DIRECT_OBJC_ISA_USAGE = YES_ERROR;
				CLANG_WARN_DOCUMENTATION_COMMENTS = YES;
				CLANG_WARN_EMPTY_BODY = YES;
				CLANG_WARN_ENUM_CONVERSION = YES;
				CLANG_WARN_INFINITE_RECURSION = YES;
				CLANG_WARN_INT_CONVERSION = YES;
				CLANG_WARN_NON_LITERAL_NULL_CONVERSION = YES;
				CLANG_WARN_OBJC_LITERAL_CONVERSION = YES;
				CLANG_WARN_OBJC_ROOT_CLASS = YES_ERROR;
				CLANG_WARN_RANGE_LOOP_ANALYSIS = YES;
				CLANG_WARN_STRICT_PROTOTYPES = YES;
				CLANG_WARN_SUSPICIOUS_MOVE = YES;
				CLANG_WARN_UNGUARDED_AVAILABILITY = YES_AGGRESSIVE;
				CLANG_WARN_UNREACHABLE_CODE = YES;
				CLANG_WARN__DUPLICATE_METHOD_MATCH = YES;
				CODE_SIGN_IDENTITY = "iPhone Developer";
				COPY_PHASE_STRIP = NO;
				DEBUG_INFORMATION_FORMAT = dwarf;
				ENABLE_STRICT_OBJC_MSGSEND = YES;
				ENABLE_TESTABILITY = YES;
				GCC_C_LANGUAGE_STANDARD = gnu11;
				GCC_DYNAMIC_NO_PIC = NO;
				GCC_NO_COMMON_BLOCKS = YES;
				GCC_OPTIMIZATION_LEVEL = 0;
				GCC_PREPROCESSOR_DEFINITIONS = (
					"DEBUG=1",
					"$(inherited)",
				);
				GCC_WARN_64_TO_32_BIT_CONVERSION = YES;
				GCC_WARN_ABOUT_RETURN_TYPE = YES_ERROR;
				GCC_WARN_UNDECLARED_SELECTOR = YES;
				GCC_WARN_UNINITIALIZED_AUTOS = YES_AGGRESSIVE;
				GCC_WARN_UNUSED_FUNCTION = YES;
				GCC_WARN_UNUSED_VARIABLE = YES;
				IPHONEOS_DEPLOYMENT_TARGET = 11.1;
				MTL_ENABLE_DEBUG_INFO = YES;
				ONLY_ACTIVE_ARCH = YES;
				SDKROOT = iphoneos;
			};
			name = Debug;
		};
		0707C4C51FD9104B0092EACC /* Release */ = {
			isa = XCBuildConfiguration;
			buildSettings = {
				ALWAYS_SEARCH_USER_PATHS = NO;
				CLANG_ANALYZER_NONNULL = YES;
				CLANG_ANALYZER_NUMBER_OBJECT_CONVERSION = YES_AGGRESSIVE;
				CLANG_CXX_LANGUAGE_STANDARD = "gnu++14";
				CLANG_CXX_LIBRARY = "libc++";
				CLANG_ENABLE_MODULES = YES;
				CLANG_ENABLE_OBJC_ARC = YES;
				CLANG_WARN_BLOCK_CAPTURE_AUTORELEASING = YES;
				CLANG_WARN_BOOL_CONVERSION = YES;
				CLANG_WARN_COMMA = YES;
				CLANG_WARN_CONSTANT_CONVERSION = YES;
				CLANG_WARN_DIRECT_OBJC_ISA_USAGE = YES_ERROR;
				CLANG_WARN_DOCUMENTATION_COMMENTS = YES;
				CLANG_WARN_EMPTY_BODY = YES;
				CLANG_WARN_ENUM_CONVERSION = YES;
				CLANG_WARN_INFINITE_RECURSION = YES;
				CLANG_WARN_INT_CONVERSION = YES;
				CLANG_WARN_NON_LITERAL_NULL_CONVERSION = YES;
				CLANG_WARN_OBJC_LITERAL_CONVERSION = YES;
				CLANG_WARN_OBJC_ROOT_CLASS = YES_ERROR;
				CLANG_WARN_RANGE_LOOP_ANALYSIS = YES;
				CLANG_WARN_STRICT_PROTOTYPES = YES;
				CLANG_WARN_SUSPICIOUS_MOVE = YES;
				CLANG_WARN_UNGUARDED_AVAILABILITY = YES_AGGRESSIVE;
				CLANG_WARN_UNREACHABLE_CODE = YES;
				CLANG_WARN__DUPLICATE_METHOD_MATCH = YES;
				CODE_SIGN_IDENTITY = "iPhone Developer";
				COPY_PHASE_STRIP = NO;
				DEBUG_INFORMATION_FORMAT = "dwarf-with-dsym";
				ENABLE_NS_ASSERTIONS = NO;
				ENABLE_STRICT_OBJC_MSGSEND = YES;
				GCC_C_LANGUAGE_STANDARD = gnu11;
				GCC_NO_COMMON_BLOCKS = YES;
				GCC_WARN_64_TO_32_BIT_CONVERSION = YES;
				GCC_WARN_ABOUT_RETURN_TYPE = YES_ERROR;
				GCC_WARN_UNDECLARED_SELECTOR = YES;
				GCC_WARN_UNINITIALIZED_AUTOS = YES_AGGRESSIVE;
				GCC_WARN_UNUSED_FUNCTION = YES;
				GCC_WARN_UNUSED_VARIABLE = YES;
				IPHONEOS_DEPLOYMENT_TARGET = 11.1;
				MTL_ENABLE_DEBUG_INFO = NO;
				SDKROOT = iphoneos;
				VALIDATE_PRODUCT = YES;
			};
			name = Release;
		};
		0707C4C71FD9104B0092EACC /* Debug */ = {
			isa = XCBuildConfiguration;
			buildSettings = {
				ASSETCATALOG_COMPILER_APPICON_NAME = AppIcon;
				CODE_SIGN_STYLE = Automatic;
				INFOPLIST_FILE = AnimationsDemo/Info.plist;
				LD_RUNPATH_SEARCH_PATHS = "$(inherited) @executable_path/Frameworks";
				PRODUCT_BUNDLE_IDENTIFIER = WeiEr.zqh.AnimationsDemo;
				PRODUCT_NAME = "$(TARGET_NAME)";
				TARGETED_DEVICE_FAMILY = "1,2";
			};
			name = Debug;
		};
		0707C4C81FD9104B0092EACC /* Release */ = {
			isa = XCBuildConfiguration;
			buildSettings = {
				ASSETCATALOG_COMPILER_APPICON_NAME = AppIcon;
				CODE_SIGN_STYLE = Automatic;
				INFOPLIST_FILE = AnimationsDemo/Info.plist;
				LD_RUNPATH_SEARCH_PATHS = "$(inherited) @executable_path/Frameworks";
				PRODUCT_BUNDLE_IDENTIFIER = WeiEr.zqh.AnimationsDemo;
				PRODUCT_NAME = "$(TARGET_NAME)";
				TARGETED_DEVICE_FAMILY = "1,2";
			};
			name = Release;
		};
		0707C4CA1FD9104B0092EACC /* Debug */ = {
			isa = XCBuildConfiguration;
			buildSettings = {
				BUNDLE_LOADER = "$(TEST_HOST)";
				CODE_SIGN_STYLE = Automatic;
				INFOPLIST_FILE = AnimationsDemoTests/Info.plist;
				LD_RUNPATH_SEARCH_PATHS = "$(inherited) @executable_path/Frameworks @loader_path/Frameworks";
				PRODUCT_BUNDLE_IDENTIFIER = WeiEr.zqh.AnimationsDemoTests;
				PRODUCT_NAME = "$(TARGET_NAME)";
				TARGETED_DEVICE_FAMILY = "1,2";
				TEST_HOST = "$(BUILT_PRODUCTS_DIR)/AnimationsDemo.app/AnimationsDemo";
			};
			name = Debug;
		};
		0707C4CB1FD9104B0092EACC /* Release */ = {
			isa = XCBuildConfiguration;
			buildSettings = {
				BUNDLE_LOADER = "$(TEST_HOST)";
				CODE_SIGN_STYLE = Automatic;
				INFOPLIST_FILE = AnimationsDemoTests/Info.plist;
				LD_RUNPATH_SEARCH_PATHS = "$(inherited) @executable_path/Frameworks @loader_path/Frameworks";
				PRODUCT_BUNDLE_IDENTIFIER = WeiEr.zqh.AnimationsDemoTests;
				PRODUCT_NAME = "$(TARGET_NAME)";
				TARGETED_DEVICE_FAMILY = "1,2";
				TEST_HOST = "$(BUILT_PRODUCTS_DIR)/AnimationsDemo.app/AnimationsDemo";
			};
			name = Release;
		};
		0707C4CD1FD9104B0092EACC /* Debug */ = {
			isa = XCBuildConfiguration;
			buildSettings = {
				CODE_SIGN_STYLE = Automatic;
				INFOPLIST_FILE = AnimationsDemoUITests/Info.plist;
				LD_RUNPATH_SEARCH_PATHS = "$(inherited) @executable_path/Frameworks @loader_path/Frameworks";
				PRODUCT_BUNDLE_IDENTIFIER = WeiEr.zqh.AnimationsDemoUITests;
				PRODUCT_NAME = "$(TARGET_NAME)";
				TARGETED_DEVICE_FAMILY = "1,2";
				TEST_TARGET_NAME = AnimationsDemo;
			};
			name = Debug;
		};
		0707C4CE1FD9104B0092EACC /* Release */ = {
			isa = XCBuildConfiguration;
			buildSettings = {
				CODE_SIGN_STYLE = Automatic;
				INFOPLIST_FILE = AnimationsDemoUITests/Info.plist;
				LD_RUNPATH_SEARCH_PATHS = "$(inherited) @executable_path/Frameworks @loader_path/Frameworks";
				PRODUCT_BUNDLE_IDENTIFIER = WeiEr.zqh.AnimationsDemoUITests;
				PRODUCT_NAME = "$(TARGET_NAME)";
				TARGETED_DEVICE_FAMILY = "1,2";
				TEST_TARGET_NAME = AnimationsDemo;
			};
			name = Release;
		};
/* End XCBuildConfiguration section */

/* Begin XCConfigurationList section */
		0707C4951FD9104A0092EACC /* Build configuration list for PBXProject "AnimationsDemo" */ = {
			isa = XCConfigurationList;
			buildConfigurations = (
				0707C4C41FD9104B0092EACC /* Debug */,
				0707C4C51FD9104B0092EACC /* Release */,
			);
			defaultConfigurationIsVisible = 0;
			defaultConfigurationName = Release;
		};
		0707C4C61FD9104B0092EACC /* Build configuration list for PBXNativeTarget "AnimationsDemo" */ = {
			isa = XCConfigurationList;
			buildConfigurations = (
				0707C4C71FD9104B0092EACC /* Debug */,
				0707C4C81FD9104B0092EACC /* Release */,
			);
			defaultConfigurationIsVisible = 0;
			defaultConfigurationName = Release;
		};
		0707C4C91FD9104B0092EACC /* Build configuration list for PBXNativeTarget "AnimationsDemoTests" */ = {
			isa = XCConfigurationList;
			buildConfigurations = (
				0707C4CA1FD9104B0092EACC /* Debug */,
				0707C4CB1FD9104B0092EACC /* Release */,
			);
			defaultConfigurationIsVisible = 0;
			defaultConfigurationName = Release;
		};
		0707C4CC1FD9104B0092EACC /* Build configuration list for PBXNativeTarget "AnimationsDemoUITests" */ = {
			isa = XCConfigurationList;
			buildConfigurations = (
				0707C4CD1FD9104B0092EACC /* Debug */,
				0707C4CE1FD9104B0092EACC /* Release */,
			);
			defaultConfigurationIsVisible = 0;
			defaultConfigurationName = Release;
		};
/* End XCConfigurationList section */
	};
	rootObject = 0707C4921FD9104A0092EACC /* Project object */;
}
